
Microsoft Visual Studio Solution File, Format Version 12.00
# Visual Studio 15
VisualStudioVersion = 15.0.27703.2035
MinimumVisualStudioVersion = 10.0.40219.1
Project("{FAE04EC0-301F-11D3-BF4B-00C04F79EFBC}") = "ZVRPub.Library", "ZVRPub.Library\ZVRPub.Library.csproj", "{44747BF2-A02A-4065-9277-B1A43BFCE0E4}"
EndProject
Global
	GlobalSection(SolutionConfigurationPlatforms) = preSolution
		Debug|Any CPU = Debug|Any CPU
		Release|Any CPU = Release|Any CPU
	EndGlobalSection
	GlobalSection(ProjectConfigurationPlatforms) = postSolution
		{44747BF2-A02A-4065-9277-B1A43BFCE0E4}.Debug|Any CPU.ActiveCfg = Debug|Any CPU
		{44747BF2-A02A-4065-9277-B1A43BFCE0E4}.Debug|Any CPU.Build.0 = Debug|Any CPU
		{44747BF2-A02A-4065-9277-B1A43BFCE0E4}.Release|Any CPU.ActiveCfg = Release|Any CPU
		{44747BF2-A02A-4065-9277-B1A43BFCE0E4}.Release|Any CPU.Build.0 = Release|Any CPU
	EndGlobalSection
	GlobalSection(SolutionProperties) = preSolution
		HideSolutionNode = FALSE
	EndGlobalSection
	GlobalSection(ExtensibilityGlobals) = postSolution
		SolutionGuid = {8D8399BB-7B55-4C9C-82FF-2F10B390906C}
	EndGlobalSection
EndGlobal
